// !$*UTF8*$!
{
	archiveVersion = 1;
	classes = {
	};
	objectVersion = 56;
	objects = {

/* Begin PBXBuildFile section */
		1625F5652A33945F003DC678 /* HeroViewController.swift in Sources */ = {isa = PBXBuildFile; fileRef = 1625F5642A33945F003DC678 /* HeroViewController.swift */; };
		1625F5682A339BF3003DC678 /* Lottie in Frameworks */ = {isa = PBXBuildFile; productRef = 1625F5672A339BF3003DC678 /* Lottie */; };
		1625F56C2A339F58003DC678 /* BatmanWhite.json in Resources */ = {isa = PBXBuildFile; fileRef = 1625F56B2A339F58003DC678 /* BatmanWhite.json */; };
		1625F56F2A3449AF003DC678 /* RxRelay in Frameworks */ = {isa = PBXBuildFile; productRef = 1625F56E2A3449AF003DC678 /* RxRelay */; };
		1625F5742A345983003DC678 /* UIView+Extension.swift in Sources */ = {isa = PBXBuildFile; fileRef = 1625F5732A345983003DC678 /* UIView+Extension.swift */; };
		1625F5772A345C54003DC678 /* Kingfisher in Frameworks */ = {isa = PBXBuildFile; productRef = 1625F5762A345C54003DC678 /* Kingfisher */; };
		1625F5792A34611E003DC678 /* MovieDetailViewController.swift in Sources */ = {isa = PBXBuildFile; fileRef = 1625F5782A34611E003DC678 /* MovieDetailViewController.swift */; };
		1625F57C2A346820003DC678 /* RxCocoa in Frameworks */ = {isa = PBXBuildFile; productRef = 1625F57B2A346820003DC678 /* RxCocoa */; };
		1625F57F2A34F08B003DC678 /* ScrollCardCollectionViewCell.xib in Resources */ = {isa = PBXBuildFile; fileRef = 1625F57D2A34F08B003DC678 /* ScrollCardCollectionViewCell.xib */; };
		1625F5802A34F08B003DC678 /* ScrollCardCollectionViewCell.swift in Sources */ = {isa = PBXBuildFile; fileRef = 1625F57E2A34F08B003DC678 /* ScrollCardCollectionViewCell.swift */; };
		1625F5822A34F0EE003DC678 /* ScrollCardCollectionViewLayout.swift in Sources */ = {isa = PBXBuildFile; fileRef = 1625F5812A34F0EE003DC678 /* ScrollCardCollectionViewLayout.swift */; };
		1625F5852A359DD7003DC678 /* SwinjectStoryboard in Frameworks */ = {isa = PBXBuildFile; productRef = 1625F5842A359DD7003DC678 /* SwinjectStoryboard */; };
		1625F5872A359DFD003DC678 /* DependencyInjection.swift in Sources */ = {isa = PBXBuildFile; fileRef = 1625F5862A359DFD003DC678 /* DependencyInjection.swift */; };
		1625F5892A35A2D5003DC678 /* MovieViewModel.swift in Sources */ = {isa = PBXBuildFile; fileRef = 1625F5882A35A2D5003DC678 /* MovieViewModel.swift */; };
		1625F58C2A3612CD003DC678 /* Hero in Frameworks */ = {isa = PBXBuildFile; productRef = 1625F58B2A3612CD003DC678 /* Hero */; };
		16AE2B402A330A6E0051FD05 /* AppDelegate.swift in Sources */ = {isa = PBXBuildFile; fileRef = 16AE2B3F2A330A6E0051FD05 /* AppDelegate.swift */; };
		16AE2B422A330A6E0051FD05 /* SceneDelegate.swift in Sources */ = {isa = PBXBuildFile; fileRef = 16AE2B412A330A6E0051FD05 /* SceneDelegate.swift */; };
		16AE2B442A330A6E0051FD05 /* ViewController.swift in Sources */ = {isa = PBXBuildFile; fileRef = 16AE2B432A330A6E0051FD05 /* ViewController.swift */; };
		16AE2B472A330A6E0051FD05 /* Main.storyboard in Resources */ = {isa = PBXBuildFile; fileRef = 16AE2B452A330A6E0051FD05 /* Main.storyboard */; };
		16AE2B492A330A720051FD05 /* Assets.xcassets in Resources */ = {isa = PBXBuildFile; fileRef = 16AE2B482A330A720051FD05 /* Assets.xcassets */; };
		16AE2B4C2A330A720051FD05 /* LaunchScreen.storyboard in Resources */ = {isa = PBXBuildFile; fileRef = 16AE2B4A2A330A720051FD05 /* LaunchScreen.storyboard */; };
		16AE2B572A330A720051FD05 /* SuperHeroShowCaseTests.swift in Sources */ = {isa = PBXBuildFile; fileRef = 16AE2B562A330A720051FD05 /* SuperHeroShowCaseTests.swift */; };
		16AE2B612A330A720051FD05 /* SuperHeroShowCaseUITests.swift in Sources */ = {isa = PBXBuildFile; fileRef = 16AE2B602A330A720051FD05 /* SuperHeroShowCaseUITests.swift */; };
		16AE2B632A330A720051FD05 /* SuperHeroShowCaseUITestsLaunchTests.swift in Sources */ = {isa = PBXBuildFile; fileRef = 16AE2B622A330A720051FD05 /* SuperHeroShowCaseUITestsLaunchTests.swift */; };
		16AE2B712A3310310051FD05 /* Moya in Frameworks */ = {isa = PBXBuildFile; productRef = 16AE2B702A3310310051FD05 /* Moya */; };
		16AE2B732A3310320051FD05 /* RxMoya in Frameworks */ = {isa = PBXBuildFile; productRef = 16AE2B722A3310320051FD05 /* RxMoya */; };
		16AE2B7B2A335EDE0051FD05 /* AppConfiguration.swift in Sources */ = {isa = PBXBuildFile; fileRef = 16AE2B7A2A335EDE0051FD05 /* AppConfiguration.swift */; };
		16AE2B7D2A3366DB0051FD05 /* APIEndpoints.swift in Sources */ = {isa = PBXBuildFile; fileRef = 16AE2B7C2A3366DB0051FD05 /* APIEndpoints.swift */; };
		16AE2B802A336DD50051FD05 /* MovieModels.swift in Sources */ = {isa = PBXBuildFile; fileRef = 16AE2B7F2A336DD50051FD05 /* MovieModels.swift */; };
		16AE2B822A336EA50051FD05 /* Network.swift in Sources */ = {isa = PBXBuildFile; fileRef = 16AE2B812A336EA50051FD05 /* Network.swift */; };
/* End PBXBuildFile section */

/* Begin PBXContainerItemProxy section */
		16AE2B532A330A720051FD05 /* PBXContainerItemProxy */ = {
			isa = PBXContainerItemProxy;
			containerPortal = 16AE2B342A330A6E0051FD05 /* Project object */;
			proxyType = 1;
			remoteGlobalIDString = 16AE2B3B2A330A6E0051FD05;
			remoteInfo = SuperHeroShowCase;
		};
		16AE2B5D2A330A720051FD05 /* PBXContainerItemProxy */ = {
			isa = PBXContainerItemProxy;
			containerPortal = 16AE2B342A330A6E0051FD05 /* Project object */;
			proxyType = 1;
			remoteGlobalIDString = 16AE2B3B2A330A6E0051FD05;
			remoteInfo = SuperHeroShowCase;
		};
/* End PBXContainerItemProxy section */

/* Begin PBXFileReference section */
		1625F5642A33945F003DC678 /* HeroViewController.swift */ = {isa = PBXFileReference; lastKnownFileType = sourcecode.swift; path = HeroViewController.swift; sourceTree = "<group>"; };
		1625F56B2A339F58003DC678 /* BatmanWhite.json */ = {isa = PBXFileReference; fileEncoding = 4; lastKnownFileType = text.json; path = BatmanWhite.json; sourceTree = "<group>"; };
		1625F5732A345983003DC678 /* UIView+Extension.swift */ = {isa = PBXFileReference; fileEncoding = 4; lastKnownFileType = sourcecode.swift; path = "UIView+Extension.swift"; sourceTree = "<group>"; };
		1625F5782A34611E003DC678 /* MovieDetailViewController.swift */ = {isa = PBXFileReference; lastKnownFileType = sourcecode.swift; path = MovieDetailViewController.swift; sourceTree = "<group>"; };
		1625F57D2A34F08B003DC678 /* ScrollCardCollectionViewCell.xib */ = {isa = PBXFileReference; fileEncoding = 4; lastKnownFileType = file.xib; path = ScrollCardCollectionViewCell.xib; sourceTree = "<group>"; };
		1625F57E2A34F08B003DC678 /* ScrollCardCollectionViewCell.swift */ = {isa = PBXFileReference; fileEncoding = 4; lastKnownFileType = sourcecode.swift; path = ScrollCardCollectionViewCell.swift; sourceTree = "<group>"; };
		1625F5812A34F0EE003DC678 /* ScrollCardCollectionViewLayout.swift */ = {isa = PBXFileReference; fileEncoding = 4; lastKnownFileType = sourcecode.swift; path = ScrollCardCollectionViewLayout.swift; sourceTree = "<group>"; };
		1625F5862A359DFD003DC678 /* DependencyInjection.swift */ = {isa = PBXFileReference; lastKnownFileType = sourcecode.swift; path = DependencyInjection.swift; sourceTree = "<group>"; };
		1625F5882A35A2D5003DC678 /* MovieViewModel.swift */ = {isa = PBXFileReference; lastKnownFileType = sourcecode.swift; path = MovieViewModel.swift; sourceTree = "<group>"; };
		16AE2B3C2A330A6E0051FD05 /* SuperHeroShowCase.app */ = {isa = PBXFileReference; explicitFileType = wrapper.application; includeInIndex = 0; path = SuperHeroShowCase.app; sourceTree = BUILT_PRODUCTS_DIR; };
		16AE2B3F2A330A6E0051FD05 /* AppDelegate.swift */ = {isa = PBXFileReference; lastKnownFileType = sourcecode.swift; path = AppDelegate.swift; sourceTree = "<group>"; };
		16AE2B412A330A6E0051FD05 /* SceneDelegate.swift */ = {isa = PBXFileReference; lastKnownFileType = sourcecode.swift; path = SceneDelegate.swift; sourceTree = "<group>"; };
		16AE2B432A330A6E0051FD05 /* ViewController.swift */ = {isa = PBXFileReference; lastKnownFileType = sourcecode.swift; path = ViewController.swift; sourceTree = "<group>"; };
		16AE2B462A330A6E0051FD05 /* Base */ = {isa = PBXFileReference; lastKnownFileType = file.storyboard; name = Base; path = Base.lproj/Main.storyboard; sourceTree = "<group>"; };
		16AE2B482A330A720051FD05 /* Assets.xcassets */ = {isa = PBXFileReference; lastKnownFileType = folder.assetcatalog; path = Assets.xcassets; sourceTree = "<group>"; };
		16AE2B4B2A330A720051FD05 /* Base */ = {isa = PBXFileReference; lastKnownFileType = file.storyboard; name = Base; path = Base.lproj/LaunchScreen.storyboard; sourceTree = "<group>"; };
		16AE2B4D2A330A720051FD05 /* Info.plist */ = {isa = PBXFileReference; lastKnownFileType = text.plist.xml; path = Info.plist; sourceTree = "<group>"; };
		16AE2B522A330A720051FD05 /* SuperHeroShowCaseTests.xctest */ = {isa = PBXFileReference; explicitFileType = wrapper.cfbundle; includeInIndex = 0; path = SuperHeroShowCaseTests.xctest; sourceTree = BUILT_PRODUCTS_DIR; };
		16AE2B562A330A720051FD05 /* SuperHeroShowCaseTests.swift */ = {isa = PBXFileReference; lastKnownFileType = sourcecode.swift; path = SuperHeroShowCaseTests.swift; sourceTree = "<group>"; };
		16AE2B5C2A330A720051FD05 /* SuperHeroShowCaseUITests.xctest */ = {isa = PBXFileReference; explicitFileType = wrapper.cfbundle; includeInIndex = 0; path = SuperHeroShowCaseUITests.xctest; sourceTree = BUILT_PRODUCTS_DIR; };
		16AE2B602A330A720051FD05 /* SuperHeroShowCaseUITests.swift */ = {isa = PBXFileReference; lastKnownFileType = sourcecode.swift; path = SuperHeroShowCaseUITests.swift; sourceTree = "<group>"; };
		16AE2B622A330A720051FD05 /* SuperHeroShowCaseUITestsLaunchTests.swift */ = {isa = PBXFileReference; lastKnownFileType = sourcecode.swift; path = SuperHeroShowCaseUITestsLaunchTests.swift; sourceTree = "<group>"; };
		16AE2B7A2A335EDE0051FD05 /* AppConfiguration.swift */ = {isa = PBXFileReference; lastKnownFileType = sourcecode.swift; path = AppConfiguration.swift; sourceTree = "<group>"; };
		16AE2B7C2A3366DB0051FD05 /* APIEndpoints.swift */ = {isa = PBXFileReference; lastKnownFileType = sourcecode.swift; path = APIEndpoints.swift; sourceTree = "<group>"; };
		16AE2B7F2A336DD50051FD05 /* MovieModels.swift */ = {isa = PBXFileReference; lastKnownFileType = sourcecode.swift; path = MovieModels.swift; sourceTree = "<group>"; };
		16AE2B812A336EA50051FD05 /* Network.swift */ = {isa = PBXFileReference; lastKnownFileType = sourcecode.swift; path = Network.swift; sourceTree = "<group>"; };
/* End PBXFileReference section */

/* Begin PBXFrameworksBuildPhase section */
		16AE2B392A330A6E0051FD05 /* Frameworks */ = {
			isa = PBXFrameworksBuildPhase;
			buildActionMask = 2147483647;
			files = (
				1625F57C2A346820003DC678 /* RxCocoa in Frameworks */,
				16AE2B732A3310320051FD05 /* RxMoya in Frameworks */,
				1625F58C2A3612CD003DC678 /* Hero in Frameworks */,
				16AE2B712A3310310051FD05 /* Moya in Frameworks */,
				1625F56F2A3449AF003DC678 /* RxRelay in Frameworks */,
				1625F5682A339BF3003DC678 /* Lottie in Frameworks */,
				1625F5852A359DD7003DC678 /* SwinjectStoryboard in Frameworks */,
				1625F5772A345C54003DC678 /* Kingfisher in Frameworks */,
			);
			runOnlyForDeploymentPostprocessing = 0;
		};
		16AE2B4F2A330A720051FD05 /* Frameworks */ = {
			isa = PBXFrameworksBuildPhase;
			buildActionMask = 2147483647;
			files = (
			);
			runOnlyForDeploymentPostprocessing = 0;
		};
		16AE2B592A330A720051FD05 /* Frameworks */ = {
			isa = PBXFrameworksBuildPhase;
			buildActionMask = 2147483647;
			files = (
			);
			runOnlyForDeploymentPostprocessing = 0;
		};
/* End PBXFrameworksBuildPhase section */

/* Begin PBXGroup section */
		1625F57A2A346820003DC678 /* Frameworks */ = {
			isa = PBXGroup;
			children = (
			);
			name = Frameworks;
			sourceTree = "<group>";
		};
		16AE2B332A330A6E0051FD05 = {
			isa = PBXGroup;
			children = (
				16AE2B3E2A330A6E0051FD05 /* SuperHeroShowCase */,
				16AE2B552A330A720051FD05 /* SuperHeroShowCaseTests */,
				16AE2B5F2A330A720051FD05 /* SuperHeroShowCaseUITests */,
				16AE2B3D2A330A6E0051FD05 /* Products */,
				1625F57A2A346820003DC678 /* Frameworks */,
			);
			sourceTree = "<group>";
		};
		16AE2B3D2A330A6E0051FD05 /* Products */ = {
			isa = PBXGroup;
			children = (
				16AE2B3C2A330A6E0051FD05 /* SuperHeroShowCase.app */,
				16AE2B522A330A720051FD05 /* SuperHeroShowCaseTests.xctest */,
				16AE2B5C2A330A720051FD05 /* SuperHeroShowCaseUITests.xctest */,
			);
			name = Products;
			sourceTree = "<group>";
		};
		16AE2B3E2A330A6E0051FD05 /* SuperHeroShowCase */ = {
			isa = PBXGroup;
			children = (
				1625F56B2A339F58003DC678 /* BatmanWhite.json */,
				16AE2B792A33173E0051FD05 /* App */,
				16AE2B782A3315530051FD05 /* Network */,
				16AE2B7E2A336D880051FD05 /* Models */,
				16AE2B772A3315450051FD05 /* ViewModel */,
				16AE2B762A3315380051FD05 /* View */,
				16AE2B752A33152A0051FD05 /* ViewController */,
				16AE2B742A3315190051FD05 /* Model */,
				1625F5732A345983003DC678 /* UIView+Extension.swift */,
				16AE2B452A330A6E0051FD05 /* Main.storyboard */,
				16AE2B482A330A720051FD05 /* Assets.xcassets */,
				16AE2B4A2A330A720051FD05 /* LaunchScreen.storyboard */,
				16AE2B4D2A330A720051FD05 /* Info.plist */,
			);
			path = SuperHeroShowCase;
			sourceTree = "<group>";
		};
		16AE2B552A330A720051FD05 /* SuperHeroShowCaseTests */ = {
			isa = PBXGroup;
			children = (
				16AE2B562A330A720051FD05 /* SuperHeroShowCaseTests.swift */,
			);
			path = SuperHeroShowCaseTests;
			sourceTree = "<group>";
		};
		16AE2B5F2A330A720051FD05 /* SuperHeroShowCaseUITests */ = {
			isa = PBXGroup;
			children = (
				16AE2B602A330A720051FD05 /* SuperHeroShowCaseUITests.swift */,
				16AE2B622A330A720051FD05 /* SuperHeroShowCaseUITestsLaunchTests.swift */,
			);
			path = SuperHeroShowCaseUITests;
			sourceTree = "<group>";
		};
		16AE2B742A3315190051FD05 /* Model */ = {
			isa = PBXGroup;
			children = (
			);
			path = Model;
			sourceTree = "<group>";
		};
		16AE2B752A33152A0051FD05 /* ViewController */ = {
			isa = PBXGroup;
			children = (
				16AE2B432A330A6E0051FD05 /* ViewController.swift */,
				1625F5642A33945F003DC678 /* HeroViewController.swift */,
				1625F5782A34611E003DC678 /* MovieDetailViewController.swift */,
			);
			path = ViewController;
			sourceTree = "<group>";
		};
		16AE2B762A3315380051FD05 /* View */ = {
			isa = PBXGroup;
			children = (
				1625F5812A34F0EE003DC678 /* ScrollCardCollectionViewLayout.swift */,
				1625F57E2A34F08B003DC678 /* ScrollCardCollectionViewCell.swift */,
				1625F57D2A34F08B003DC678 /* ScrollCardCollectionViewCell.xib */,
			);
			path = View;
			sourceTree = "<group>";
		};
		16AE2B772A3315450051FD05 /* ViewModel */ = {
			isa = PBXGroup;
			children = (
				1625F5882A35A2D5003DC678 /* MovieViewModel.swift */,
			);
			path = ViewModel;
			sourceTree = "<group>";
		};
		16AE2B782A3315530051FD05 /* Network */ = {
			isa = PBXGroup;
			children = (
				16AE2B7C2A3366DB0051FD05 /* APIEndpoints.swift */,
				16AE2B812A336EA50051FD05 /* Network.swift */,
			);
			path = Network;
			sourceTree = "<group>";
		};
		16AE2B792A33173E0051FD05 /* App */ = {
			isa = PBXGroup;
			children = (
				16AE2B3F2A330A6E0051FD05 /* AppDelegate.swift */,
				16AE2B412A330A6E0051FD05 /* SceneDelegate.swift */,
				16AE2B7A2A335EDE0051FD05 /* AppConfiguration.swift */,
				1625F5862A359DFD003DC678 /* DependencyInjection.swift */,
			);
			path = App;
			sourceTree = "<group>";
		};
		16AE2B7E2A336D880051FD05 /* Models */ = {
			isa = PBXGroup;
			children = (
				16AE2B7F2A336DD50051FD05 /* MovieModels.swift */,
			);
			path = Models;
			sourceTree = "<group>";
		};
/* End PBXGroup section */

/* Begin PBXNativeTarget section */
		16AE2B3B2A330A6E0051FD05 /* SuperHeroShowCase */ = {
			isa = PBXNativeTarget;
			buildConfigurationList = 16AE2B662A330A720051FD05 /* Build configuration list for PBXNativeTarget "SuperHeroShowCase" */;
			buildPhases = (
				16AE2B382A330A6E0051FD05 /* Sources */,
				16AE2B392A330A6E0051FD05 /* Frameworks */,
				16AE2B3A2A330A6E0051FD05 /* Resources */,
			);
			buildRules = (
			);
			dependencies = (
			);
			name = SuperHeroShowCase;
			packageProductDependencies = (
				16AE2B702A3310310051FD05 /* Moya */,
				16AE2B722A3310320051FD05 /* RxMoya */,
				1625F5672A339BF3003DC678 /* Lottie */,
				1625F56E2A3449AF003DC678 /* RxRelay */,
				1625F5762A345C54003DC678 /* Kingfisher */,
				1625F57B2A346820003DC678 /* RxCocoa */,
				1625F5842A359DD7003DC678 /* SwinjectStoryboard */,
				1625F58B2A3612CD003DC678 /* Hero */,
			);
			productName = SuperHeroShowCase;
			productReference = 16AE2B3C2A330A6E0051FD05 /* SuperHeroShowCase.app */;
			productType = "com.apple.product-type.application";
		};
		16AE2B512A330A720051FD05 /* SuperHeroShowCaseTests */ = {
			isa = PBXNativeTarget;
			buildConfigurationList = 16AE2B692A330A720051FD05 /* Build configuration list for PBXNativeTarget "SuperHeroShowCaseTests" */;
			buildPhases = (
				16AE2B4E2A330A720051FD05 /* Sources */,
				16AE2B4F2A330A720051FD05 /* Frameworks */,
				16AE2B502A330A720051FD05 /* Resources */,
			);
			buildRules = (
			);
			dependencies = (
				16AE2B542A330A720051FD05 /* PBXTargetDependency */,
			);
			name = SuperHeroShowCaseTests;
			productName = SuperHeroShowCaseTests;
			productReference = 16AE2B522A330A720051FD05 /* SuperHeroShowCaseTests.xctest */;
			productType = "com.apple.product-type.bundle.unit-test";
		};
		16AE2B5B2A330A720051FD05 /* SuperHeroShowCaseUITests */ = {
			isa = PBXNativeTarget;
			buildConfigurationList = 16AE2B6C2A330A720051FD05 /* Build configuration list for PBXNativeTarget "SuperHeroShowCaseUITests" */;
			buildPhases = (
				16AE2B582A330A720051FD05 /* Sources */,
				16AE2B592A330A720051FD05 /* Frameworks */,
				16AE2B5A2A330A720051FD05 /* Resources */,
			);
			buildRules = (
			);
			dependencies = (
				16AE2B5E2A330A720051FD05 /* PBXTargetDependency */,
			);
			name = SuperHeroShowCaseUITests;
			productName = SuperHeroShowCaseUITests;
			productReference = 16AE2B5C2A330A720051FD05 /* SuperHeroShowCaseUITests.xctest */;
			productType = "com.apple.product-type.bundle.ui-testing";
		};
/* End PBXNativeTarget section */

/* Begin PBXProject section */
		16AE2B342A330A6E0051FD05 /* Project object */ = {
			isa = PBXProject;
			attributes = {
				BuildIndependentTargetsInParallel = 1;
				LastSwiftUpdateCheck = 1430;
				LastUpgradeCheck = 1430;
				TargetAttributes = {
					16AE2B3B2A330A6E0051FD05 = {
						CreatedOnToolsVersion = 14.3;
					};
					16AE2B512A330A720051FD05 = {
						CreatedOnToolsVersion = 14.3;
						TestTargetID = 16AE2B3B2A330A6E0051FD05;
					};
					16AE2B5B2A330A720051FD05 = {
						CreatedOnToolsVersion = 14.3;
						TestTargetID = 16AE2B3B2A330A6E0051FD05;
					};
				};
			};
			buildConfigurationList = 16AE2B372A330A6E0051FD05 /* Build configuration list for PBXProject "SuperHeroShowCase" */;
			compatibilityVersion = "Xcode 14.0";
			developmentRegion = en;
			hasScannedForEncodings = 0;
			knownRegions = (
				en,
				Base,
			);
			mainGroup = 16AE2B332A330A6E0051FD05;
			packageReferences = (
				16AE2B6F2A3310310051FD05 /* XCRemoteSwiftPackageReference "Moya" */,
				1625F5662A339BF3003DC678 /* XCRemoteSwiftPackageReference "lottie-spm" */,
				1625F56D2A3449AF003DC678 /* XCRemoteSwiftPackageReference "RxSwift" */,
				1625F5752A345C54003DC678 /* XCRemoteSwiftPackageReference "Kingfisher" */,
				1625F5832A359DD7003DC678 /* XCRemoteSwiftPackageReference "SwinjectStoryboard" */,
				1625F58A2A3612CD003DC678 /* XCRemoteSwiftPackageReference "Hero" */,
			);
			productRefGroup = 16AE2B3D2A330A6E0051FD05 /* Products */;
			projectDirPath = "";
			projectRoot = "";
			targets = (
				16AE2B3B2A330A6E0051FD05 /* SuperHeroShowCase */,
				16AE2B512A330A720051FD05 /* SuperHeroShowCaseTests */,
				16AE2B5B2A330A720051FD05 /* SuperHeroShowCaseUITests */,
			);
		};
/* End PBXProject section */

/* Begin PBXResourcesBuildPhase section */
		16AE2B3A2A330A6E0051FD05 /* Resources */ = {
			isa = PBXResourcesBuildPhase;
			buildActionMask = 2147483647;
			files = (
				16AE2B4C2A330A720051FD05 /* LaunchScreen.storyboard in Resources */,
				16AE2B492A330A720051FD05 /* Assets.xcassets in Resources */,
				1625F57F2A34F08B003DC678 /* ScrollCardCollectionViewCell.xib in Resources */,
				1625F56C2A339F58003DC678 /* BatmanWhite.json in Resources */,
				16AE2B472A330A6E0051FD05 /* Main.storyboard in Resources */,
			);
			runOnlyForDeploymentPostprocessing = 0;
		};
		16AE2B502A330A720051FD05 /* Resources */ = {
			isa = PBXResourcesBuildPhase;
			buildActionMask = 2147483647;
			files = (
			);
			runOnlyForDeploymentPostprocessing = 0;
		};
		16AE2B5A2A330A720051FD05 /* Resources */ = {
			isa = PBXResourcesBuildPhase;
			buildActionMask = 2147483647;
			files = (
			);
			runOnlyForDeploymentPostprocessing = 0;
		};
/* End PBXResourcesBuildPhase section */

/* Begin PBXSourcesBuildPhase section */
		16AE2B382A330A6E0051FD05 /* Sources */ = {
			isa = PBXSourcesBuildPhase;
			buildActionMask = 2147483647;
			files = (
				1625F5822A34F0EE003DC678 /* ScrollCardCollectionViewLayout.swift in Sources */,
				16AE2B7D2A3366DB0051FD05 /* APIEndpoints.swift in Sources */,
				1625F5802A34F08B003DC678 /* ScrollCardCollectionViewCell.swift in Sources */,
				16AE2B442A330A6E0051FD05 /* ViewController.swift in Sources */,
				16AE2B402A330A6E0051FD05 /* AppDelegate.swift in Sources */,
				1625F5892A35A2D5003DC678 /* MovieViewModel.swift in Sources */,
				1625F5652A33945F003DC678 /* HeroViewController.swift in Sources */,
				16AE2B7B2A335EDE0051FD05 /* AppConfiguration.swift in Sources */,
				16AE2B802A336DD50051FD05 /* MovieModels.swift in Sources */,
				16AE2B822A336EA50051FD05 /* Network.swift in Sources */,
				1625F5742A345983003DC678 /* UIView+Extension.swift in Sources */,
				1625F5792A34611E003DC678 /* MovieDetailViewController.swift in Sources */,
				1625F5872A359DFD003DC678 /* DependencyInjection.swift in Sources */,
				16AE2B422A330A6E0051FD05 /* SceneDelegate.swift in Sources */,
			);
			runOnlyForDeploymentPostprocessing = 0;
		};
		16AE2B4E2A330A720051FD05 /* Sources */ = {
			isa = PBXSourcesBuildPhase;
			buildActionMask = 2147483647;
			files = (
				16AE2B572A330A720051FD05 /* SuperHeroShowCaseTests.swift in Sources */,
			);
			runOnlyForDeploymentPostprocessing = 0;
		};
		16AE2B582A330A720051FD05 /* Sources */ = {
			isa = PBXSourcesBuildPhase;
			buildActionMask = 2147483647;
			files = (
				16AE2B612A330A720051FD05 /* SuperHeroShowCaseUITests.swift in Sources */,
				16AE2B632A330A720051FD05 /* SuperHeroShowCaseUITestsLaunchTests.swift in Sources */,
			);
			runOnlyForDeploymentPostprocessing = 0;
		};
/* End PBXSourcesBuildPhase section */

/* Begin PBXTargetDependency section */
		16AE2B542A330A720051FD05 /* PBXTargetDependency */ = {
			isa = PBXTargetDependency;
			target = 16AE2B3B2A330A6E0051FD05 /* SuperHeroShowCase */;
			targetProxy = 16AE2B532A330A720051FD05 /* PBXContainerItemProxy */;
		};
		16AE2B5E2A330A720051FD05 /* PBXTargetDependency */ = {
			isa = PBXTargetDependency;
			target = 16AE2B3B2A330A6E0051FD05 /* SuperHeroShowCase */;
			targetProxy = 16AE2B5D2A330A720051FD05 /* PBXContainerItemProxy */;
		};
/* End PBXTargetDependency section */

/* Begin PBXVariantGroup section */
		16AE2B452A330A6E0051FD05 /* Main.storyboard */ = {
			isa = PBXVariantGroup;
			children = (
				16AE2B462A330A6E0051FD05 /* Base */,
			);
			name = Main.storyboard;
			sourceTree = "<group>";
		};
		16AE2B4A2A330A720051FD05 /* LaunchScreen.storyboard */ = {
			isa = PBXVariantGroup;
			children = (
				16AE2B4B2A330A720051FD05 /* Base */,
			);
			name = LaunchScreen.storyboard;
			sourceTree = "<group>";
		};
/* End PBXVariantGroup section */

/* Begin XCBuildConfiguration section */
		16AE2B642A330A720051FD05 /* Debug */ = {
			isa = XCBuildConfiguration;
			buildSettings = {
				ALWAYS_SEARCH_USER_PATHS = NO;
				CLANG_ANALYZER_NONNULL = YES;
				CLANG_ANALYZER_NUMBER_OBJECT_CONVERSION = YES_AGGRESSIVE;
				CLANG_CXX_LANGUAGE_STANDARD = "gnu++20";
				CLANG_ENABLE_MODULES = YES;
				CLANG_ENABLE_OBJC_ARC = YES;
				CLANG_ENABLE_OBJC_WEAK = YES;
				CLANG_WARN_BLOCK_CAPTURE_AUTORELEASING = YES;
				CLANG_WARN_BOOL_CONVERSION = YES;
				CLANG_WARN_COMMA = YES;
				CLANG_WARN_CONSTANT_CONVERSION = YES;
				CLANG_WARN_DEPRECATED_OBJC_IMPLEMENTATIONS = YES;
				CLANG_WARN_DIRECT_OBJC_ISA_USAGE = YES_ERROR;
				CLANG_WARN_DOCUMENTATION_COMMENTS = YES;
				CLANG_WARN_EMPTY_BODY = YES;
				CLANG_WARN_ENUM_CONVERSION = YES;
				CLANG_WARN_INFINITE_RECURSION = YES;
				CLANG_WARN_INT_CONVERSION = YES;
				CLANG_WARN_NON_LITERAL_NULL_CONVERSION = YES;
				CLANG_WARN_OBJC_IMPLICIT_RETAIN_SELF = YES;
				CLANG_WARN_OBJC_LITERAL_CONVERSION = YES;
				CLANG_WARN_OBJC_ROOT_CLASS = YES_ERROR;
				CLANG_WARN_QUOTED_INCLUDE_IN_FRAMEWORK_HEADER = YES;
				CLANG_WARN_RANGE_LOOP_ANALYSIS = YES;
				CLANG_WARN_STRICT_PROTOTYPES = YES;
				CLANG_WARN_SUSPICIOUS_MOVE = YES;
				CLANG_WARN_UNGUARDED_AVAILABILITY = YES_AGGRESSIVE;
				CLANG_WARN_UNREACHABLE_CODE = YES;
				CLANG_WARN__DUPLICATE_METHOD_MATCH = YES;
				COPY_PHASE_STRIP = NO;
				DEBUG_INFORMATION_FORMAT = dwarf;
				ENABLE_STRICT_OBJC_MSGSEND = YES;
				ENABLE_TESTABILITY = YES;
				GCC_C_LANGUAGE_STANDARD = gnu11;
				GCC_DYNAMIC_NO_PIC = NO;
				GCC_NO_COMMON_BLOCKS = YES;
				GCC_OPTIMIZATION_LEVEL = 0;
				GCC_PREPROCESSOR_DEFINITIONS = (
					"DEBUG=1",
					"$(inherited)",
				);
				GCC_WARN_64_TO_32_BIT_CONVERSION = YES;
				GCC_WARN_ABOUT_RETURN_TYPE = YES_ERROR;
				GCC_WARN_UNDECLARED_SELECTOR = YES;
				GCC_WARN_UNINITIALIZED_AUTOS = YES_AGGRESSIVE;
				GCC_WARN_UNUSED_FUNCTION = YES;
				GCC_WARN_UNUSED_VARIABLE = YES;
				IPHONEOS_DEPLOYMENT_TARGET = 16.4;
				MTL_ENABLE_DEBUG_INFO = INCLUDE_SOURCE;
				MTL_FAST_MATH = YES;
				ONLY_ACTIVE_ARCH = YES;
				SDKROOT = iphoneos;
				SWIFT_ACTIVE_COMPILATION_CONDITIONS = DEBUG;
				SWIFT_OPTIMIZATION_LEVEL = "-Onone";
			};
			name = Debug;
		};
		16AE2B652A330A720051FD05 /* Release */ = {
			isa = XCBuildConfiguration;
			buildSettings = {
				ALWAYS_SEARCH_USER_PATHS = NO;
				CLANG_ANALYZER_NONNULL = YES;
				CLANG_ANALYZER_NUMBER_OBJECT_CONVERSION = YES_AGGRESSIVE;
				CLANG_CXX_LANGUAGE_STANDARD = "gnu++20";
				CLANG_ENABLE_MODULES = YES;
				CLANG_ENABLE_OBJC_ARC = YES;
				CLANG_ENABLE_OBJC_WEAK = YES;
				CLANG_WARN_BLOCK_CAPTURE_AUTORELEASING = YES;
				CLANG_WARN_BOOL_CONVERSION = YES;
				CLANG_WARN_COMMA = YES;
				CLANG_WARN_CONSTANT_CONVERSION = YES;
				CLANG_WARN_DEPRECATED_OBJC_IMPLEMENTATIONS = YES;
				CLANG_WARN_DIRECT_OBJC_ISA_USAGE = YES_ERROR;
				CLANG_WARN_DOCUMENTATION_COMMENTS = YES;
				CLANG_WARN_EMPTY_BODY = YES;
				CLANG_WARN_ENUM_CONVERSION = YES;
				CLANG_WARN_INFINITE_RECURSION = YES;
				CLANG_WARN_INT_CONVERSION = YES;
				CLANG_WARN_NON_LITERAL_NULL_CONVERSION = YES;
				CLANG_WARN_OBJC_IMPLICIT_RETAIN_SELF = YES;
				CLANG_WARN_OBJC_LITERAL_CONVERSION = YES;
				CLANG_WARN_OBJC_ROOT_CLASS = YES_ERROR;
				CLANG_WARN_QUOTED_INCLUDE_IN_FRAMEWORK_HEADER = YES;
				CLANG_WARN_RANGE_LOOP_ANALYSIS = YES;
				CLANG_WARN_STRICT_PROTOTYPES = YES;
				CLANG_WARN_SUSPICIOUS_MOVE = YES;
				CLANG_WARN_UNGUARDED_AVAILABILITY = YES_AGGRESSIVE;
				CLANG_WARN_UNREACHABLE_CODE = YES;
				CLANG_WARN__DUPLICATE_METHOD_MATCH = YES;
				COPY_PHASE_STRIP = NO;
				DEBUG_INFORMATION_FORMAT = "dwarf-with-dsym";
				ENABLE_NS_ASSERTIONS = NO;
				ENABLE_STRICT_OBJC_MSGSEND = YES;
				GCC_C_LANGUAGE_STANDARD = gnu11;
				GCC_NO_COMMON_BLOCKS = YES;
				GCC_WARN_64_TO_32_BIT_CONVERSION = YES;
				GCC_WARN_ABOUT_RETURN_TYPE = YES_ERROR;
				GCC_WARN_UNDECLARED_SELECTOR = YES;
				GCC_WARN_UNINITIALIZED_AUTOS = YES_AGGRESSIVE;
				GCC_WARN_UNUSED_FUNCTION = YES;
				GCC_WARN_UNUSED_VARIABLE = YES;
				IPHONEOS_DEPLOYMENT_TARGET = 16.4;
				MTL_ENABLE_DEBUG_INFO = NO;
				MTL_FAST_MATH = YES;
				SDKROOT = iphoneos;
				SWIFT_COMPILATION_MODE = wholemodule;
				SWIFT_OPTIMIZATION_LEVEL = "-O";
				VALIDATE_PRODUCT = YES;
			};
			name = Release;
		};
		16AE2B672A330A720051FD05 /* Debug */ = {
			isa = XCBuildConfiguration;
			buildSettings = {
				ASSETCATALOG_COMPILER_APPICON_NAME = AppIcon;
				ASSETCATALOG_COMPILER_GLOBAL_ACCENT_COLOR_NAME = AccentColor;
				CODE_SIGN_STYLE = Automatic;
				CURRENT_PROJECT_VERSION = 1;
				DEVELOPMENT_TEAM = 534M75P66M;
				GENERATE_INFOPLIST_FILE = YES;
				INFOPLIST_FILE = SuperHeroShowCase/Info.plist;
				INFOPLIST_KEY_LSApplicationCategoryType = "public.app-category.entertainment";
				INFOPLIST_KEY_UIApplicationSupportsIndirectInputEvents = YES;
				INFOPLIST_KEY_UILaunchStoryboardName = LaunchScreen;
				INFOPLIST_KEY_UIMainStoryboardFile = Main;
				INFOPLIST_KEY_UISupportedInterfaceOrientations_iPad = "UIInterfaceOrientationPortrait UIInterfaceOrientationPortraitUpsideDown UIInterfaceOrientationLandscapeLeft UIInterfaceOrientationLandscapeRight";
				INFOPLIST_KEY_UISupportedInterfaceOrientations_iPhone = "UIInterfaceOrientationPortrait UIInterfaceOrientationLandscapeLeft UIInterfaceOrientationLandscapeRight";
				IPHONEOS_DEPLOYMENT_TARGET = 13;
				LD_RUNPATH_SEARCH_PATHS = (
					"$(inherited)",
					"@executable_path/Frameworks",
				);
				MARKETING_VERSION = 1.0;
				PRODUCT_BUNDLE_IDENTIFIER = "com.Levin.-SuperHeroShowCase.SuperHeroShowCase";
				PRODUCT_NAME = "$(TARGET_NAME)";
				SUPPORTED_PLATFORMS = "iphoneos iphonesimulator";
				SUPPORTS_MACCATALYST = NO;
				SUPPORTS_MAC_DESIGNED_FOR_IPHONE_IPAD = NO;
				SWIFT_EMIT_LOC_STRINGS = YES;
				SWIFT_VERSION = 5.0;
				TARGETED_DEVICE_FAMILY = 1;
			};
			name = Debug;
		};
		16AE2B682A330A720051FD05 /* Release */ = {
			isa = XCBuildConfiguration;
			buildSettings = {
				ASSETCATALOG_COMPILER_APPICON_NAME = AppIcon;
				ASSETCATALOG_COMPILER_GLOBAL_ACCENT_COLOR_NAME = AccentColor;
				CODE_SIGN_STYLE = Automatic;
				CURRENT_PROJECT_VERSION = 1;
				DEVELOPMENT_TEAM = 534M75P66M;
				GENERATE_INFOPLIST_FILE = YES;
				INFOPLIST_FILE = SuperHeroShowCase/Info.plist;
				INFOPLIST_KEY_LSApplicationCategoryType = "public.app-category.entertainment";
				INFOPLIST_KEY_UIApplicationSupportsIndirectInputEvents = YES;
				INFOPLIST_KEY_UILaunchStoryboardName = LaunchScreen;
				INFOPLIST_KEY_UIMainStoryboardFile = Main;
				INFOPLIST_KEY_UISupportedInterfaceOrientations_iPad = "UIInterfaceOrientationPortrait UIInterfaceOrientationPortraitUpsideDown UIInterfaceOrientationLandscapeLeft UIInterfaceOrientationLandscapeRight";
				INFOPLIST_KEY_UISupportedInterfaceOrientations_iPhone = "UIInterfaceOrientationPortrait UIInterfaceOrientationLandscapeLeft UIInterfaceOrientationLandscapeRight";
				IPHONEOS_DEPLOYMENT_TARGET = 13;
				LD_RUNPATH_SEARCH_PATHS = (
					"$(inherited)",
					"@executable_path/Frameworks",
				);
				MARKETING_VERSION = 1.0;
				PRODUCT_BUNDLE_IDENTIFIER = "com.Levin.-SuperHeroShowCase.SuperHeroShowCase";
				PRODUCT_NAME = "$(TARGET_NAME)";
				SUPPORTED_PLATFORMS = "iphoneos iphonesimulator";
				SUPPORTS_MACCATALYST = NO;
				SUPPORTS_MAC_DESIGNED_FOR_IPHONE_IPAD = NO;
				SWIFT_EMIT_LOC_STRINGS = YES;
				SWIFT_VERSION = 5.0;
				TARGETED_DEVICE_FAMILY = 1;
			};
			name = Release;
		};
		16AE2B6A2A330A720051FD05 /* Debug */ = {
			isa = XCBuildConfiguration;
			buildSettings = {
				ALWAYS_EMBED_SWIFT_STANDARD_LIBRARIES = YES;
				BUNDLE_LOADER = "$(TEST_HOST)";
				CODE_SIGN_STYLE = Automatic;
				CURRENT_PROJECT_VERSION = 1;
				DEVELOPMENT_TEAM = 534M75P66M;
				GENERATE_INFOPLIST_FILE = YES;
				IPHONEOS_DEPLOYMENT_TARGET = 16.4;
				MARKETING_VERSION = 1.0;
				PRODUCT_BUNDLE_IDENTIFIER = "com.Levin.-SuperHeroShowCase.SuperHeroShowCaseTests";
				PRODUCT_NAME = "$(TARGET_NAME)";
				SUPPORTED_PLATFORMS = "iphoneos iphonesimulator";
				SUPPORTS_MACCATALYST = NO;
				SUPPORTS_MAC_DESIGNED_FOR_IPHONE_IPAD = NO;
				SWIFT_EMIT_LOC_STRINGS = NO;
				SWIFT_VERSION = 5.0;
				TARGETED_DEVICE_FAMILY = 1;
				TEST_HOST = "$(BUILT_PRODUCTS_DIR)/SuperHeroShowCase.app/$(BUNDLE_EXECUTABLE_FOLDER_PATH)/SuperHeroShowCase";
			};
			name = Debug;
		};
		16AE2B6B2A330A720051FD05 /* Release */ = {
			isa = XCBuildConfiguration;
			buildSettings = {
				ALWAYS_EMBED_SWIFT_STANDARD_LIBRARIES = YES;
				BUNDLE_LOADER = "$(TEST_HOST)";
				CODE_SIGN_STYLE = Automatic;
				CURRENT_PROJECT_VERSION = 1;
				DEVELOPMENT_TEAM = 534M75P66M;
				GENERATE_INFOPLIST_FILE = YES;
				IPHONEOS_DEPLOYMENT_TARGET = 16.4;
				MARKETING_VERSION = 1.0;
				PRODUCT_BUNDLE_IDENTIFIER = "com.Levin.-SuperHeroShowCase.SuperHeroShowCaseTests";
				PRODUCT_NAME = "$(TARGET_NAME)";
				SUPPORTED_PLATFORMS = "iphoneos iphonesimulator";
				SUPPORTS_MACCATALYST = NO;
				SUPPORTS_MAC_DESIGNED_FOR_IPHONE_IPAD = NO;
				SWIFT_EMIT_LOC_STRINGS = NO;
				SWIFT_VERSION = 5.0;
				TARGETED_DEVICE_FAMILY = 1;
				TEST_HOST = "$(BUILT_PRODUCTS_DIR)/SuperHeroShowCase.app/$(BUNDLE_EXECUTABLE_FOLDER_PATH)/SuperHeroShowCase";
			};
			name = Release;
		};
		16AE2B6D2A330A720051FD05 /* Debug */ = {
			isa = XCBuildConfiguration;
			buildSettings = {
				ALWAYS_EMBED_SWIFT_STANDARD_LIBRARIES = YES;
				CODE_SIGN_STYLE = Automatic;
				CURRENT_PROJECT_VERSION = 1;
				DEVELOPMENT_TEAM = 534M75P66M;
				GENERATE_INFOPLIST_FILE = YES;
				IPHONEOS_DEPLOYMENT_TARGET = 1;
				MARKETING_VERSION = 1.0;
				PRODUCT_BUNDLE_IDENTIFIER = "com.Levin.-SuperHeroShowCase.SuperHeroShowCaseUITests";
				PRODUCT_NAME = "$(TARGET_NAME)";
				SUPPORTED_PLATFORMS = "iphoneos iphonesimulator";
				SUPPORTS_MACCATALYST = NO;
				SUPPORTS_MAC_DESIGNED_FOR_IPHONE_IPAD = NO;
				SWIFT_EMIT_LOC_STRINGS = NO;
				SWIFT_VERSION = 5.0;
				TARGETED_DEVICE_FAMILY = 1;
				TEST_TARGET_NAME = SuperHeroShowCase;
			};
			name = Debug;
		};
		16AE2B6E2A330A720051FD05 /* Release */ = {
			isa = XCBuildConfiguration;
			buildSettings = {
				ALWAYS_EMBED_SWIFT_STANDARD_LIBRARIES = YES;
				CODE_SIGN_STYLE = Automatic;
				CURRENT_PROJECT_VERSION = 1;
				DEVELOPMENT_TEAM = 534M75P66M;
				GENERATE_INFOPLIST_FILE = YES;
				IPHONEOS_DEPLOYMENT_TARGET = 1;
				MARKETING_VERSION = 1.0;
				PRODUCT_BUNDLE_IDENTIFIER = "com.Levin.-SuperHeroShowCase.SuperHeroShowCaseUITests";
				PRODUCT_NAME = "$(TARGET_NAME)";
				SUPPORTED_PLATFORMS = "iphoneos iphonesimulator";
				SUPPORTS_MACCATALYST = NO;
				SUPPORTS_MAC_DESIGNED_FOR_IPHONE_IPAD = NO;
				SWIFT_EMIT_LOC_STRINGS = NO;
				SWIFT_VERSION = 5.0;
				TARGETED_DEVICE_FAMILY = 1;
				TEST_TARGET_NAME = SuperHeroShowCase;
			};
			name = Release;
		};
/* End XCBuildConfiguration section */

/* Begin XCConfigurationList section */
		16AE2B372A330A6E0051FD05 /* Build configuration list for PBXProject "SuperHeroShowCase" */ = {
			isa = XCConfigurationList;
			buildConfigurations = (
				16AE2B642A330A720051FD05 /* Debug */,
				16AE2B652A330A720051FD05 /* Release */,
			);
			defaultConfigurationIsVisible = 0;
			defaultConfigurationName = Release;
		};
		16AE2B662A330A720051FD05 /* Build configuration list for PBXNativeTarget "SuperHeroShowCase" */ = {
			isa = XCConfigurationList;
			buildConfigurations = (
				16AE2B672A330A720051FD05 /* Debug */,
				16AE2B682A330A720051FD05 /* Release */,
			);
			defaultConfigurationIsVisible = 0;
			defaultConfigurationName = Release;
		};
		16AE2B692A330A720051FD05 /* Build configuration list for PBXNativeTarget "SuperHeroShowCaseTests" */ = {
			isa = XCConfigurationList;
			buildConfigurations = (
				16AE2B6A2A330A720051FD05 /* Debug */,
				16AE2B6B2A330A720051FD05 /* Release */,
			);
			defaultConfigurationIsVisible = 0;
			defaultConfigurationName = Release;
		};
		16AE2B6C2A330A720051FD05 /* Build configuration list for PBXNativeTarget "SuperHeroShowCaseUITests" */ = {
			isa = XCConfigurationList;
			buildConfigurations = (
				16AE2B6D2A330A720051FD05 /* Debug */,
				16AE2B6E2A330A720051FD05 /* Release */,
			);
			defaultConfigurationIsVisible = 0;
			defaultConfigurationName = Release;
		};
/* End XCConfigurationList section */

/* Begin XCRemoteSwiftPackageReference section */
		1625F5662A339BF3003DC678 /* XCRemoteSwiftPackageReference "lottie-spm" */ = {
			isa = XCRemoteSwiftPackageReference;
			repositoryURL = "https://github.com/airbnb/lottie-spm.git";
			requirement = {
				kind = upToNextMajorVersion;
				minimumVersion = 4.0.0;
			};
		};
		1625F56D2A3449AF003DC678 /* XCRemoteSwiftPackageReference "RxSwift" */ = {
			isa = XCRemoteSwiftPackageReference;
			repositoryURL = "https://github.com/ReactiveX/RxSwift.git";
			requirement = {
				kind = upToNextMajorVersion;
				minimumVersion = 6.0.0;
			};
		};
		1625F5752A345C54003DC678 /* XCRemoteSwiftPackageReference "Kingfisher" */ = {
			isa = XCRemoteSwiftPackageReference;
			repositoryURL = "https://github.com/onevcat/Kingfisher.git";
			requirement = {
				kind = upToNextMajorVersion;
				minimumVersion = 7.0.0;
			};
		};
		1625F5832A359DD7003DC678 /* XCRemoteSwiftPackageReference "SwinjectStoryboard" */ = {
			isa = XCRemoteSwiftPackageReference;
			repositoryURL = "https://github.com/Swinject/SwinjectStoryboard.git";
			requirement = {
				kind = upToNextMajorVersion;
				minimumVersion = 2.0.0;
			};
		};
		1625F58A2A3612CD003DC678 /* XCRemoteSwiftPackageReference "Hero" */ = {
			isa = XCRemoteSwiftPackageReference;
			repositoryURL = "https://github.com/HeroTransitions/Hero.git";
			requirement = {
				kind = upToNextMajorVersion;
				minimumVersion = 1.0.0;
			};
		};
		16AE2B6F2A3310310051FD05 /* XCRemoteSwiftPackageReference "Moya" */ = {
			isa = XCRemoteSwiftPackageReference;
			repositoryURL = "https://github.com/Moya/Moya.git";
			requirement = {
				kind = upToNextMajorVersion;
				minimumVersion = 15.0.0;
			};
		};
/* End XCRemoteSwiftPackageReference section */

/* Begin XCSwiftPackageProductDependency section */
		1625F5672A339BF3003DC678 /* Lottie */ = {
			isa = XCSwiftPackageProductDependency;
			package = 1625F5662A339BF3003DC678 /* XCRemoteSwiftPackageReference "lottie-spm" */;
			productName = Lottie;
		};
		1625F56E2A3449AF003DC678 /* RxRelay */ = {
			isa = XCSwiftPackageProductDependency;
			package = 1625F56D2A3449AF003DC678 /* XCRemoteSwiftPackageReference "RxSwift" */;
			productName = RxRelay;
		};
		1625F5762A345C54003DC678 /* Kingfisher */ = {
			isa = XCSwiftPackageProductDependency;
			package = 1625F5752A345C54003DC678 /* XCRemoteSwiftPackageReference "Kingfisher" */;
			productName = Kingfisher;
		};
		1625F57B2A346820003DC678 /* RxCocoa */ = {
			isa = XCSwiftPackageProductDependency;
			package = 1625F56D2A3449AF003DC678 /* XCRemoteSwiftPackageReference "RxSwift" */;
			productName = RxCocoa;
		};
		1625F5842A359DD7003DC678 /* SwinjectStoryboard */ = {
			isa = XCSwiftPackageProductDependency;
			package = 1625F5832A359DD7003DC678 /* XCRemoteSwiftPackageReference "SwinjectStoryboard" */;
			productName = SwinjectStoryboard;
		};
		1625F58B2A3612CD003DC678 /* Hero */ = {
			isa = XCSwiftPackageProductDependency;
			package = 1625F58A2A3612CD003DC678 /* XCRemoteSwiftPackageReference "Hero" */;
			productName = Hero;
		};
		16AE2B702A3310310051FD05 /* Moya */ = {
			isa = XCSwiftPackageProductDependency;
			package = 16AE2B6F2A3310310051FD05 /* XCRemoteSwiftPackageReference "Moya" */;
			productName = Moya;
		};
		16AE2B722A3310320051FD05 /* RxMoya */ = {
			isa = XCSwiftPackageProductDependency;
			package = 16AE2B6F2A3310310051FD05 /* XCRemoteSwiftPackageReference "Moya" */;
			productName = RxMoya;
		};
/* End XCSwiftPackageProductDependency section */
	};
	rootObject = 16AE2B342A330A6E0051FD05 /* Project object */;
}
